
Microsoft Visual Studio Solution File, Format Version 12.00
# Visual Studio Version 16
VisualStudioVersion = 16.0.28922.388
MinimumVisualStudioVersion = 10.0.40219.1
Project("{9A19103F-16F7-4668-BE54-9A1E7A4F7556}") = "SiloHost", "SiloHost\SiloHost.csproj", "{C3562ABF-06ED-439A-B6B7-5D243A896319}"
EndProject
Project("{9A19103F-16F7-4668-BE54-9A1E7A4F7556}") = "Grains", "Grains\Grains.csproj", "{60A4A78C-5E56-4F43-BEB5-EE11AE6A59D1}"
EndProject
Project("{9A19103F-16F7-4668-BE54-9A1E7A4F7556}") = "Interfaces", "Interfaces\Interfaces.csproj", "{52D6E0EC-8021-4DD3-9049-852A19BC6BFB}"
EndProject
Project("{9A19103F-16F7-4668-BE54-9A1E7A4F7556}") = "Client", "Client\Client.csproj", "{7ADAAD4B-E357-4F42-984E-58ACF4914688}"
EndProject
Project("{9A19103F-16F7-4668-BE54-9A1E7A4F7556}") = "DbMigration", "DbMigration\DbMigration.csproj", "{67EDF150-864D-4AF7-B13F-4477782B67AB}"
EndProject
Project("{9A19103F-16F7-4668-BE54-9A1E7A4F7556}") = "SiloHost1", "SiloHost1\SiloHost1.csproj", "{410E700F-8099-4C73-AA08-69E2647E188A}"
EndProject
Project("{9A19103F-16F7-4668-BE54-9A1E7A4F7556}") = "SiloHost2", "SiloHost2\SiloHost2.csproj", "{9BDCFD17-9DED-4134-B5E8-E1E4DDCFB15C}"
EndProject
Global
	GlobalSection(SolutionConfigurationPlatforms) = preSolution
		Debug|Any CPU = Debug|Any CPU
		Release|Any CPU = Release|Any CPU
	EndGlobalSection
	GlobalSection(ProjectConfigurationPlatforms) = postSolution
		{C3562ABF-06ED-439A-B6B7-5D243A896319}.Debug|Any CPU.ActiveCfg = Debug|Any CPU
		{C3562ABF-06ED-439A-B6B7-5D243A896319}.Debug|Any CPU.Build.0 = Debug|Any CPU
		{C3562ABF-06ED-439A-B6B7-5D243A896319}.Release|Any CPU.ActiveCfg = Release|Any CPU
		{C3562ABF-06ED-439A-B6B7-5D243A896319}.Release|Any CPU.Build.0 = Release|Any CPU
		{60A4A78C-5E56-4F43-BEB5-EE11AE6A59D1}.Debug|Any CPU.ActiveCfg = Debug|Any CPU
		{60A4A78C-5E56-4F43-BEB5-EE11AE6A59D1}.Debug|Any CPU.Build.0 = Debug|Any CPU
		{60A4A78C-5E56-4F43-BEB5-EE11AE6A59D1}.Release|Any CPU.ActiveCfg = Release|Any CPU
		{60A4A78C-5E56-4F43-BEB5-EE11AE6A59D1}.Release|Any CPU.Build.0 = Release|Any CPU
		{52D6E0EC-8021-4DD3-9049-852A19BC6BFB}.Debug|Any CPU.ActiveCfg = Debug|Any CPU
		{52D6E0EC-8021-4DD3-9049-852A19BC6BFB}.Debug|Any CPU.Build.0 = Debug|Any CPU
		{52D6E0EC-8021-4DD3-9049-852A19BC6BFB}.Release|Any CPU.ActiveCfg = Release|Any CPU
		{52D6E0EC-8021-4DD3-9049-852A19BC6BFB}.Release|Any CPU.Build.0 = Release|Any CPU
		{7ADAAD4B-E357-4F42-984E-58ACF4914688}.Debug|Any CPU.ActiveCfg = Debug|Any CPU
		{7ADAAD4B-E357-4F42-984E-58ACF4914688}.Debug|Any CPU.Build.0 = Debug|Any CPU
		{7ADAAD4B-E357-4F42-984E-58ACF4914688}.Release|Any CPU.ActiveCfg = Release|Any CPU
		{7ADAAD4B-E357-4F42-984E-58ACF4914688}.Release|Any CPU.Build.0 = Release|Any CPU
		{67EDF150-864D-4AF7-B13F-4477782B67AB}.Debug|Any CPU.ActiveCfg = Debug|Any CPU
		{67EDF150-864D-4AF7-B13F-4477782B67AB}.Debug|Any CPU.Build.0 = Debug|Any CPU
		{67EDF150-864D-4AF7-B13F-4477782B67AB}.Release|Any CPU.ActiveCfg = Release|Any CPU
		{67EDF150-864D-4AF7-B13F-4477782B67AB}.Release|Any CPU.Build.0 = Release|Any CPU
		{410E700F-8099-4C73-AA08-69E2647E188A}.Debug|Any CPU.ActiveCfg = Debug|Any CPU
		{410E700F-8099-4C73-AA08-69E2647E188A}.Debug|Any CPU.Build.0 = Debug|Any CPU
		{410E700F-8099-4C73-AA08-69E2647E188A}.Release|Any CPU.ActiveCfg = Release|Any CPU
		{410E700F-8099-4C73-AA08-69E2647E188A}.Release|Any CPU.Build.0 = Release|Any CPU
		{9BDCFD17-9DED-4134-B5E8-E1E4DDCFB15C}.Debug|Any CPU.ActiveCfg = Debug|Any CPU
		{9BDCFD17-9DED-4134-B5E8-E1E4DDCFB15C}.Debug|Any CPU.Build.0 = Debug|Any CPU
		{9BDCFD17-9DED-4134-B5E8-E1E4DDCFB15C}.Release|Any CPU.ActiveCfg = Release|Any CPU
		{9BDCFD17-9DED-4134-B5E8-E1E4DDCFB15C}.Release|Any CPU.Build.0 = Release|Any CPU
	EndGlobalSection
	GlobalSection(SolutionProperties) = preSolution
		HideSolutionNode = FALSE
	EndGlobalSection
	GlobalSection(ExtensibilityGlobals) = postSolution
		SolutionGuid = {8D4D2AD5-2049-418D-A1D9-700F2798FB87}
	EndGlobalSection
EndGlobal
